
Microsoft Visual Studio Solution File, Format Version 12.00
# Visual Studio 14
VisualStudioVersion = 14.0.25420.1
MinimumVisualStudioVersion = 10.0.40219.1
Project("{FAE04EC0-301F-11D3-BF4B-00C04F79EFBC}") = "ContactsAppEx", "ContactsAppEx\ContactsAppEx\ContactsAppEx.csproj", "{9502FEA4-5753-4E2A-B69D-681BBF76A4E4}"
EndProject
Project("{FAE04EC0-301F-11D3-BF4B-00C04F79EFBC}") = "ContactsAppEx.Droid", "ContactsAppEx\ContactsAppEx.Droid\ContactsAppEx.Droid.csproj", "{D95436EB-779C-498D-A0E1-653231818C1F}"
EndProject
Project("{FAE04EC0-301F-11D3-BF4B-00C04F79EFBC}") = "ContactsAppEx.iOS", "ContactsAppEx\ContactsAppEx.iOS\ContactsAppEx.iOS.csproj", "{8E98981B-76A2-40AA-8F58-3577D99E911E}"
EndProject
Project("{FAE04EC0-301F-11D3-BF4B-00C04F79EFBC}") = "ContactsAppEx.WinPhone", "ContactsAppEx\ContactsAppEx.WinPhone\ContactsAppEx.WinPhone.csproj", "{0025389E-F0A0-4BF1-A449-5AD129A229BC}"
EndProject
Project("{FAE04EC0-301F-11D3-BF4B-00C04F79EFBC}") = "ContactsAppEx.UWP", "ContactsAppEx\ContactsAppEx.UWP\ContactsAppEx.UWP.csproj", "{9F617668-E006-4599-8C96-4A1D131CA8BF}"
EndProject
Project("{FAE04EC0-301F-11D3-BF4B-00C04F79EFBC}") = "ContactsAppEx.Windows", "ContactsAppEx\ContactsAppEx.Windows\ContactsAppEx.Windows.csproj", "{3FE9AC5E-A595-4969-9F54-D6B49AAFDD72}"
EndProject
Global
	GlobalSection(SolutionConfigurationPlatforms) = preSolution
		Ad-Hoc|Any CPU = Ad-Hoc|Any CPU
		Ad-Hoc|ARM = Ad-Hoc|ARM
		Ad-Hoc|iPhone = Ad-Hoc|iPhone
		Ad-Hoc|iPhoneSimulator = Ad-Hoc|iPhoneSimulator
		Ad-Hoc|x64 = Ad-Hoc|x64
		Ad-Hoc|x86 = Ad-Hoc|x86
		AppStore|Any CPU = AppStore|Any CPU
		AppStore|ARM = AppStore|ARM
		AppStore|iPhone = AppStore|iPhone
		AppStore|iPhoneSimulator = AppStore|iPhoneSimulator
		AppStore|x64 = AppStore|x64
		AppStore|x86 = AppStore|x86
		Debug|Any CPU = Debug|Any CPU
		Debug|ARM = Debug|ARM
		Debug|iPhone = Debug|iPhone
		Debug|iPhoneSimulator = Debug|iPhoneSimulator
		Debug|x64 = Debug|x64
		Debug|x86 = Debug|x86
		Release|Any CPU = Release|Any CPU
		Release|ARM = Release|ARM
		Release|iPhone = Release|iPhone
		Release|iPhoneSimulator = Release|iPhoneSimulator
		Release|x64 = Release|x64
		Release|x86 = Release|x86
	EndGlobalSection
	GlobalSection(ProjectConfigurationPlatforms) = postSolution
		{9502FEA4-5753-4E2A-B69D-681BBF76A4E4}.Ad-Hoc|Any CPU.ActiveCfg = Release|Any CPU
		{9502FEA4-5753-4E2A-B69D-681BBF76A4E4}.Ad-Hoc|Any CPU.Build.0 = Release|Any CPU
		{9502FEA4-5753-4E2A-B69D-681BBF76A4E4}.Ad-Hoc|ARM.ActiveCfg = Release|Any CPU
		{9502FEA4-5753-4E2A-B69D-681BBF76A4E4}.Ad-Hoc|ARM.Build.0 = Release|Any CPU
		{9502FEA4-5753-4E2A-B69D-681BBF76A4E4}.Ad-Hoc|iPhone.ActiveCfg = Release|Any CPU
		{9502FEA4-5753-4E2A-B69D-681BBF76A4E4}.Ad-Hoc|iPhone.Build.0 = Release|Any CPU
		{9502FEA4-5753-4E2A-B69D-681BBF76A4E4}.Ad-Hoc|iPhoneSimulator.ActiveCfg = Release|Any CPU
		{9502FEA4-5753-4E2A-B69D-681BBF76A4E4}.Ad-Hoc|iPhoneSimulator.Build.0 = Release|Any CPU
		{9502FEA4-5753-4E2A-B69D-681BBF76A4E4}.Ad-Hoc|x64.ActiveCfg = Release|Any CPU
		{9502FEA4-5753-4E2A-B69D-681BBF76A4E4}.Ad-Hoc|x64.Build.0 = Release|Any CPU
		{9502FEA4-5753-4E2A-B69D-681BBF76A4E4}.Ad-Hoc|x86.ActiveCfg = Release|Any CPU
		{9502FEA4-5753-4E2A-B69D-681BBF76A4E4}.Ad-Hoc|x86.Build.0 = Release|Any CPU
		{9502FEA4-5753-4E2A-B69D-681BBF76A4E4}.AppStore|Any CPU.ActiveCfg = Release|Any CPU
		{9502FEA4-5753-4E2A-B69D-681BBF76A4E4}.AppStore|Any CPU.Build.0 = Release|Any CPU
		{9502FEA4-5753-4E2A-B69D-681BBF76A4E4}.AppStore|ARM.ActiveCfg = Release|Any CPU
		{9502FEA4-5753-4E2A-B69D-681BBF76A4E4}.AppStore|ARM.Build.0 = Release|Any CPU
		{9502FEA4-5753-4E2A-B69D-681BBF76A4E4}.AppStore|iPhone.ActiveCfg = Release|Any CPU
		{9502FEA4-5753-4E2A-B69D-681BBF76A4E4}.AppStore|iPhone.Build.0 = Release|Any CPU
		{9502FEA4-5753-4E2A-B69D-681BBF76A4E4}.AppStore|iPhoneSimulator.ActiveCfg = Release|Any CPU
		{9502FEA4-5753-4E2A-B69D-681BBF76A4E4}.AppStore|iPhoneSimulator.Build.0 = Release|Any CPU
		{9502FEA4-5753-4E2A-B69D-681BBF76A4E4}.AppStore|x64.ActiveCfg = Release|Any CPU
		{9502FEA4-5753-4E2A-B69D-681BBF76A4E4}.AppStore|x64.Build.0 = Release|Any CPU
		{9502FEA4-5753-4E2A-B69D-681BBF76A4E4}.AppStore|x86.ActiveCfg = Release|Any CPU
		{9502FEA4-5753-4E2A-B69D-681BBF76A4E4}.AppStore|x86.Build.0 = Release|Any CPU
		{9502FEA4-5753-4E2A-B69D-681BBF76A4E4}.Debug|Any CPU.ActiveCfg = Debug|Any CPU
		{9502FEA4-5753-4E2A-B69D-681BBF76A4E4}.Debug|Any CPU.Build.0 = Debug|Any CPU
		{9502FEA4-5753-4E2A-B69D-681BBF76A4E4}.Debug|ARM.ActiveCfg = Debug|Any CPU
		{9502FEA4-5753-4E2A-B69D-681BBF76A4E4}.Debug|ARM.Build.0 = Debug|Any CPU
		{9502FEA4-5753-4E2A-B69D-681BBF76A4E4}.Debug|iPhone.ActiveCfg = Debug|Any CPU
		{9502FEA4-5753-4E2A-B69D-681BBF76A4E4}.Debug|iPhone.Build.0 = Debug|Any CPU
		{9502FEA4-5753-4E2A-B69D-681BBF76A4E4}.Debug|iPhoneSimulator.ActiveCfg = Debug|Any CPU
		{9502FEA4-5753-4E2A-B69D-681BBF76A4E4}.Debug|iPhoneSimulator.Build.0 = Debug|Any CPU
		{9502FEA4-5753-4E2A-B69D-681BBF76A4E4}.Debug|x64.ActiveCfg = Debug|Any CPU
		{9502FEA4-5753-4E2A-B69D-681BBF76A4E4}.Debug|x64.Build.0 = Debug|Any CPU
		{9502FEA4-5753-4E2A-B69D-681BBF76A4E4}.Debug|x86.ActiveCfg = Debug|Any CPU
		{9502FEA4-5753-4E2A-B69D-681BBF76A4E4}.Debug|x86.Build.0 = Debug|Any CPU
		{9502FEA4-5753-4E2A-B69D-681BBF76A4E4}.Release|Any CPU.ActiveCfg = Release|Any CPU
		{9502FEA4-5753-4E2A-B69D-681BBF76A4E4}.Release|Any CPU.Build.0 = Release|Any CPU
		{9502FEA4-5753-4E2A-B69D-681BBF76A4E4}.Release|ARM.ActiveCfg = Release|Any CPU
		{9502FEA4-5753-4E2A-B69D-681BBF76A4E4}.Release|ARM.Build.0 = Release|Any CPU
		{9502FEA4-5753-4E2A-B69D-681BBF76A4E4}.Release|iPhone.ActiveCfg = Release|Any CPU
		{9502FEA4-5753-4E2A-B69D-681BBF76A4E4}.Release|iPhone.Build.0 = Release|Any CPU
		{9502FEA4-5753-4E2A-B69D-681BBF76A4E4}.Release|iPhoneSimulator.ActiveCfg = Release|Any CPU
		{9502FEA4-5753-4E2A-B69D-681BBF76A4E4}.Release|iPhoneSimulator.Build.0 = Release|Any CPU
		{9502FEA4-5753-4E2A-B69D-681BBF76A4E4}.Release|x64.ActiveCfg = Release|Any CPU
		{9502FEA4-5753-4E2A-B69D-681BBF76A4E4}.Release|x64.Build.0 = Release|Any CPU
		{9502FEA4-5753-4E2A-B69D-681BBF76A4E4}.Release|x86.ActiveCfg = Release|Any CPU
		{9502FEA4-5753-4E2A-B69D-681BBF76A4E4}.Release|x86.Build.0 = Release|Any CPU
		{D95436EB-779C-498D-A0E1-653231818C1F}.Ad-Hoc|Any CPU.ActiveCfg = Release|Any CPU
		{D95436EB-779C-498D-A0E1-653231818C1F}.Ad-Hoc|Any CPU.Build.0 = Release|Any CPU
		{D95436EB-779C-498D-A0E1-653231818C1F}.Ad-Hoc|Any CPU.Deploy.0 = Release|Any CPU
		{D95436EB-779C-498D-A0E1-653231818C1F}.Ad-Hoc|ARM.ActiveCfg = Release|Any CPU
		{D95436EB-779C-498D-A0E1-653231818C1F}.Ad-Hoc|ARM.Build.0 = Release|Any CPU
		{D95436EB-779C-498D-A0E1-653231818C1F}.Ad-Hoc|ARM.Deploy.0 = Release|Any CPU
		{D95436EB-779C-498D-A0E1-653231818C1F}.Ad-Hoc|iPhone.ActiveCfg = Release|Any CPU
		{D95436EB-779C-498D-A0E1-653231818C1F}.Ad-Hoc|iPhone.Build.0 = Release|Any CPU
		{D95436EB-779C-498D-A0E1-653231818C1F}.Ad-Hoc|iPhone.Deploy.0 = Release|Any CPU
		{D95436EB-779C-498D-A0E1-653231818C1F}.Ad-Hoc|iPhoneSimulator.ActiveCfg = Release|Any CPU
		{D95436EB-779C-498D-A0E1-653231818C1F}.Ad-Hoc|iPhoneSimulator.Build.0 = Release|Any CPU
		{D95436EB-779C-498D-A0E1-653231818C1F}.Ad-Hoc|iPhoneSimulator.Deploy.0 = Release|Any CPU
		{D95436EB-779C-498D-A0E1-653231818C1F}.Ad-Hoc|x64.ActiveCfg = Release|Any CPU
		{D95436EB-779C-498D-A0E1-653231818C1F}.Ad-Hoc|x64.Build.0 = Release|Any CPU
		{D95436EB-779C-498D-A0E1-653231818C1F}.Ad-Hoc|x64.Deploy.0 = Release|Any CPU
		{D95436EB-779C-498D-A0E1-653231818C1F}.Ad-Hoc|x86.ActiveCfg = Release|Any CPU
		{D95436EB-779C-498D-A0E1-653231818C1F}.Ad-Hoc|x86.Build.0 = Release|Any CPU
		{D95436EB-779C-498D-A0E1-653231818C1F}.Ad-Hoc|x86.Deploy.0 = Release|Any CPU
		{D95436EB-779C-498D-A0E1-653231818C1F}.AppStore|Any CPU.ActiveCfg = Release|Any CPU
		{D95436EB-779C-498D-A0E1-653231818C1F}.AppStore|Any CPU.Build.0 = Release|Any CPU
		{D95436EB-779C-498D-A0E1-653231818C1F}.AppStore|Any CPU.Deploy.0 = Release|Any CPU
		{D95436EB-779C-498D-A0E1-653231818C1F}.AppStore|ARM.ActiveCfg = Release|Any CPU
		{D95436EB-779C-498D-A0E1-653231818C1F}.AppStore|ARM.Build.0 = Release|Any CPU
		{D95436EB-779C-498D-A0E1-653231818C1F}.AppStore|ARM.Deploy.0 = Release|Any CPU
		{D95436EB-779C-498D-A0E1-653231818C1F}.AppStore|iPhone.ActiveCfg = Release|Any CPU
		{D95436EB-779C-498D-A0E1-653231818C1F}.AppStore|iPhone.Build.0 = Release|Any CPU
		{D95436EB-779C-498D-A0E1-653231818C1F}.AppStore|iPhone.Deploy.0 = Release|Any CPU
		{D95436EB-779C-498D-A0E1-653231818C1F}.AppStore|iPhoneSimulator.ActiveCfg = Release|Any CPU
		{D95436EB-779C-498D-A0E1-653231818C1F}.AppStore|iPhoneSimulator.Build.0 = Release|Any CPU
		{D95436EB-779C-498D-A0E1-653231818C1F}.AppStore|iPhoneSimulator.Deploy.0 = Release|Any CPU
		{D95436EB-779C-498D-A0E1-653231818C1F}.AppStore|x64.ActiveCfg = Release|Any CPU
		{D95436EB-779C-498D-A0E1-653231818C1F}.AppStore|x64.Build.0 = Release|Any CPU
		{D95436EB-779C-498D-A0E1-653231818C1F}.AppStore|x64.Deploy.0 = Release|Any CPU
		{D95436EB-779C-498D-A0E1-653231818C1F}.AppStore|x86.ActiveCfg = Release|Any CPU
		{D95436EB-779C-498D-A0E1-653231818C1F}.AppStore|x86.Build.0 = Release|Any CPU
		{D95436EB-779C-498D-A0E1-653231818C1F}.AppStore|x86.Deploy.0 = Release|Any CPU
		{D95436EB-779C-498D-A0E1-653231818C1F}.Debug|Any CPU.ActiveCfg = Debug|Any CPU
		{D95436EB-779C-498D-A0E1-653231818C1F}.Debug|Any CPU.Build.0 = Debug|Any CPU
		{D95436EB-779C-498D-A0E1-653231818C1F}.Debug|Any CPU.Deploy.0 = Debug|Any CPU
		{D95436EB-779C-498D-A0E1-653231818C1F}.Debug|ARM.ActiveCfg = Debug|Any CPU
		{D95436EB-779C-498D-A0E1-653231818C1F}.Debug|ARM.Build.0 = Debug|Any CPU
		{D95436EB-779C-498D-A0E1-653231818C1F}.Debug|ARM.Deploy.0 = Debug|Any CPU
		{D95436EB-779C-498D-A0E1-653231818C1F}.Debug|iPhone.ActiveCfg = Debug|Any CPU
		{D95436EB-779C-498D-A0E1-653231818C1F}.Debug|iPhone.Build.0 = Debug|Any CPU
		{D95436EB-779C-498D-A0E1-653231818C1F}.Debug|iPhone.Deploy.0 = Debug|Any CPU
		{D95436EB-779C-498D-A0E1-653231818C1F}.Debug|iPhoneSimulator.ActiveCfg = Debug|Any CPU
		{D95436EB-779C-498D-A0E1-653231818C1F}.Debug|iPhoneSimulator.Build.0 = Debug|Any CPU
		{D95436EB-779C-498D-A0E1-653231818C1F}.Debug|iPhoneSimulator.Deploy.0 = Debug|Any CPU
		{D95436EB-779C-498D-A0E1-653231818C1F}.Debug|x64.ActiveCfg = Debug|Any CPU
		{D95436EB-779C-498D-A0E1-653231818C1F}.Debug|x64.Build.0 = Debug|Any CPU
		{D95436EB-779C-498D-A0E1-653231818C1F}.Debug|x64.Deploy.0 = Debug|Any CPU
		{D95436EB-779C-498D-A0E1-653231818C1F}.Debug|x86.ActiveCfg = Debug|Any CPU
		{D95436EB-779C-498D-A0E1-653231818C1F}.Debug|x86.Build.0 = Debug|Any CPU
		{D95436EB-779C-498D-A0E1-653231818C1F}.Debug|x86.Deploy.0 = Debug|Any CPU
		{D95436EB-779C-498D-A0E1-653231818C1F}.Release|Any CPU.ActiveCfg = Release|Any CPU
		{D95436EB-779C-498D-A0E1-653231818C1F}.Release|Any CPU.Build.0 = Release|Any CPU
		{D95436EB-779C-498D-A0E1-653231818C1F}.Release|Any CPU.Deploy.0 = Release|Any CPU
		{D95436EB-779C-498D-A0E1-653231818C1F}.Release|ARM.ActiveCfg = Release|Any CPU
		{D95436EB-779C-498D-A0E1-653231818C1F}.Release|ARM.Build.0 = Release|Any CPU
		{D95436EB-779C-498D-A0E1-653231818C1F}.Release|ARM.Deploy.0 = Release|Any CPU
		{D95436EB-779C-498D-A0E1-653231818C1F}.Release|iPhone.ActiveCfg = Release|Any CPU
		{D95436EB-779C-498D-A0E1-653231818C1F}.Release|iPhone.Build.0 = Release|Any CPU
		{D95436EB-779C-498D-A0E1-653231818C1F}.Release|iPhone.Deploy.0 = Release|Any CPU
		{D95436EB-779C-498D-A0E1-653231818C1F}.Release|iPhoneSimulator.ActiveCfg = Release|Any CPU
		{D95436EB-779C-498D-A0E1-653231818C1F}.Release|iPhoneSimulator.Build.0 = Release|Any CPU
		{D95436EB-779C-498D-A0E1-653231818C1F}.Release|iPhoneSimulator.Deploy.0 = Release|Any CPU
		{D95436EB-779C-498D-A0E1-653231818C1F}.Release|x64.ActiveCfg = Release|Any CPU
		{D95436EB-779C-498D-A0E1-653231818C1F}.Release|x64.Build.0 = Release|Any CPU
		{D95436EB-779C-498D-A0E1-653231818C1F}.Release|x64.Deploy.0 = Release|Any CPU
		{D95436EB-779C-498D-A0E1-653231818C1F}.Release|x86.ActiveCfg = Release|Any CPU
		{D95436EB-779C-498D-A0E1-653231818C1F}.Release|x86.Build.0 = Release|Any CPU
		{D95436EB-779C-498D-A0E1-653231818C1F}.Release|x86.Deploy.0 = Release|Any CPU
		{8E98981B-76A2-40AA-8F58-3577D99E911E}.Ad-Hoc|Any CPU.ActiveCfg = Ad-Hoc|iPhone
		{8E98981B-76A2-40AA-8F58-3577D99E911E}.Ad-Hoc|ARM.ActiveCfg = Ad-Hoc|iPhone
		{8E98981B-76A2-40AA-8F58-3577D99E911E}.Ad-Hoc|iPhone.ActiveCfg = Ad-Hoc|iPhone
		{8E98981B-76A2-40AA-8F58-3577D99E911E}.Ad-Hoc|iPhone.Build.0 = Ad-Hoc|iPhone
		{8E98981B-76A2-40AA-8F58-3577D99E911E}.Ad-Hoc|iPhoneSimulator.ActiveCfg = Ad-Hoc|iPhoneSimulator
		{8E98981B-76A2-40AA-8F58-3577D99E911E}.Ad-Hoc|iPhoneSimulator.Build.0 = Ad-Hoc|iPhoneSimulator
		{8E98981B-76A2-40AA-8F58-3577D99E911E}.Ad-Hoc|x64.ActiveCfg = Ad-Hoc|iPhone
		{8E98981B-76A2-40AA-8F58-3577D99E911E}.Ad-Hoc|x86.ActiveCfg = Ad-Hoc|iPhone
		{8E98981B-76A2-40AA-8F58-3577D99E911E}.AppStore|Any CPU.ActiveCfg = AppStore|iPhone
		{8E98981B-76A2-40AA-8F58-3577D99E911E}.AppStore|ARM.ActiveCfg = AppStore|iPhone
		{8E98981B-76A2-40AA-8F58-3577D99E911E}.AppStore|iPhone.ActiveCfg = AppStore|iPhone
		{8E98981B-76A2-40AA-8F58-3577D99E911E}.AppStore|iPhone.Build.0 = AppStore|iPhone
		{8E98981B-76A2-40AA-8F58-3577D99E911E}.AppStore|iPhoneSimulator.ActiveCfg = AppStore|iPhoneSimulator
		{8E98981B-76A2-40AA-8F58-3577D99E911E}.AppStore|iPhoneSimulator.Build.0 = AppStore|iPhoneSimulator
		{8E98981B-76A2-40AA-8F58-3577D99E911E}.AppStore|x64.ActiveCfg = AppStore|iPhone
		{8E98981B-76A2-40AA-8F58-3577D99E911E}.AppStore|x86.ActiveCfg = AppStore|iPhone
		{8E98981B-76A2-40AA-8F58-3577D99E911E}.Debug|Any CPU.ActiveCfg = Debug|iPhone
		{8E98981B-76A2-40AA-8F58-3577D99E911E}.Debug|ARM.ActiveCfg = Debug|iPhone
		{8E98981B-76A2-40AA-8F58-3577D99E911E}.Debug|iPhone.ActiveCfg = Debug|iPhone
		{8E98981B-76A2-40AA-8F58-3577D99E911E}.Debug|iPhone.Build.0 = Debug|iPhone
		{8E98981B-76A2-40AA-8F58-3577D99E911E}.Debug|iPhoneSimulator.ActiveCfg = Debug|iPhoneSimulator
		{8E98981B-76A2-40AA-8F58-3577D99E911E}.Debug|iPhoneSimulator.Build.0 = Debug|iPhoneSimulator
		{8E98981B-76A2-40AA-8F58-3577D99E911E}.Debug|x64.ActiveCfg = Debug|iPhone
		{8E98981B-76A2-40AA-8F58-3577D99E911E}.Debug|x86.ActiveCfg = Debug|iPhone
		{8E98981B-76A2-40AA-8F58-3577D99E911E}.Release|Any CPU.ActiveCfg = Release|iPhone
		{8E98981B-76A2-40AA-8F58-3577D99E911E}.Release|ARM.ActiveCfg = Release|iPhone
		{8E98981B-76A2-40AA-8F58-3577D99E911E}.Release|iPhone.ActiveCfg = Release|iPhone
		{8E98981B-76A2-40AA-8F58-3577D99E911E}.Release|iPhone.Build.0 = Release|iPhone
		{8E98981B-76A2-40AA-8F58-3577D99E911E}.Release|iPhoneSimulator.ActiveCfg = Release|iPhoneSimulator
		{8E98981B-76A2-40AA-8F58-3577D99E911E}.Release|iPhoneSimulator.Build.0 = Release|iPhoneSimulator
		{8E98981B-76A2-40AA-8F58-3577D99E911E}.Release|x64.ActiveCfg = Release|iPhone
		{8E98981B-76A2-40AA-8F58-3577D99E911E}.Release|x86.ActiveCfg = Release|iPhone
		{0025389E-F0A0-4BF1-A449-5AD129A229BC}.Ad-Hoc|Any CPU.ActiveCfg = Release|Any CPU
		{0025389E-F0A0-4BF1-A449-5AD129A229BC}.Ad-Hoc|Any CPU.Build.0 = Release|Any CPU
		{0025389E-F0A0-4BF1-A449-5AD129A229BC}.Ad-Hoc|Any CPU.Deploy.0 = Release|Any CPU
		{0025389E-F0A0-4BF1-A449-5AD129A229BC}.Ad-Hoc|ARM.ActiveCfg = Release|ARM
		{0025389E-F0A0-4BF1-A449-5AD129A229BC}.Ad-Hoc|ARM.Build.0 = Release|ARM
		{0025389E-F0A0-4BF1-A449-5AD129A229BC}.Ad-Hoc|ARM.Deploy.0 = Release|ARM
		{0025389E-F0A0-4BF1-A449-5AD129A229BC}.Ad-Hoc|iPhone.ActiveCfg = Release|Any CPU
		{0025389E-F0A0-4BF1-A449-5AD129A229BC}.Ad-Hoc|iPhone.Build.0 = Release|Any CPU
		{0025389E-F0A0-4BF1-A449-5AD129A229BC}.Ad-Hoc|iPhone.Deploy.0 = Release|Any CPU
		{0025389E-F0A0-4BF1-A449-5AD129A229BC}.Ad-Hoc|iPhoneSimulator.ActiveCfg = Release|Any CPU
		{0025389E-F0A0-4BF1-A449-5AD129A229BC}.Ad-Hoc|iPhoneSimulator.Build.0 = Release|Any CPU
		{0025389E-F0A0-4BF1-A449-5AD129A229BC}.Ad-Hoc|iPhoneSimulator.Deploy.0 = Release|Any CPU
		{0025389E-F0A0-4BF1-A449-5AD129A229BC}.Ad-Hoc|x64.ActiveCfg = Release|Any CPU
		{0025389E-F0A0-4BF1-A449-5AD129A229BC}.Ad-Hoc|x64.Build.0 = Release|Any CPU
		{0025389E-F0A0-4BF1-A449-5AD129A229BC}.Ad-Hoc|x64.Deploy.0 = Release|Any CPU
		{0025389E-F0A0-4BF1-A449-5AD129A229BC}.Ad-Hoc|x86.ActiveCfg = Release|x86
		{0025389E-F0A0-4BF1-A449-5AD129A229BC}.Ad-Hoc|x86.Build.0 = Release|x86
		{0025389E-F0A0-4BF1-A449-5AD129A229BC}.Ad-Hoc|x86.Deploy.0 = Release|x86
		{0025389E-F0A0-4BF1-A449-5AD129A229BC}.AppStore|Any CPU.ActiveCfg = Release|Any CPU
		{0025389E-F0A0-4BF1-A449-5AD129A229BC}.AppStore|Any CPU.Build.0 = Release|Any CPU
		{0025389E-F0A0-4BF1-A449-5AD129A229BC}.AppStore|Any CPU.Deploy.0 = Release|Any CPU
		{0025389E-F0A0-4BF1-A449-5AD129A229BC}.AppStore|ARM.ActiveCfg = Release|ARM
		{0025389E-F0A0-4BF1-A449-5AD129A229BC}.AppStore|ARM.Build.0 = Release|ARM
		{0025389E-F0A0-4BF1-A449-5AD129A229BC}.AppStore|ARM.Deploy.0 = Release|ARM
		{0025389E-F0A0-4BF1-A449-5AD129A229BC}.AppStore|iPhone.ActiveCfg = Release|Any CPU
		{0025389E-F0A0-4BF1-A449-5AD129A229BC}.AppStore|iPhone.Build.0 = Release|Any CPU
		{0025389E-F0A0-4BF1-A449-5AD129A229BC}.AppStore|iPhone.Deploy.0 = Release|Any CPU
		{0025389E-F0A0-4BF1-A449-5AD129A229BC}.AppStore|iPhoneSimulator.ActiveCfg = Release|Any CPU
		{0025389E-F0A0-4BF1-A449-5AD129A229BC}.AppStore|iPhoneSimulator.Build.0 = Release|Any CPU
		{0025389E-F0A0-4BF1-A449-5AD129A229BC}.AppStore|iPhoneSimulator.Deploy.0 = Release|Any CPU
		{0025389E-F0A0-4BF1-A449-5AD129A229BC}.AppStore|x64.ActiveCfg = Release|Any CPU
		{0025389E-F0A0-4BF1-A449-5AD129A229BC}.AppStore|x64.Build.0 = Release|Any CPU
		{0025389E-F0A0-4BF1-A449-5AD129A229BC}.AppStore|x64.Deploy.0 = Release|Any CPU
		{0025389E-F0A0-4BF1-A449-5AD129A229BC}.AppStore|x86.ActiveCfg = Release|x86
		{0025389E-F0A0-4BF1-A449-5AD129A229BC}.AppStore|x86.Build.0 = Release|x86
		{0025389E-F0A0-4BF1-A449-5AD129A229BC}.AppStore|x86.Deploy.0 = Release|x86
		{0025389E-F0A0-4BF1-A449-5AD129A229BC}.Debug|Any CPU.ActiveCfg = Debug|Any CPU
		{0025389E-F0A0-4BF1-A449-5AD129A229BC}.Debug|Any CPU.Build.0 = Debug|Any CPU
		{0025389E-F0A0-4BF1-A449-5AD129A229BC}.Debug|Any CPU.Deploy.0 = Debug|Any CPU
		{0025389E-F0A0-4BF1-A449-5AD129A229BC}.Debug|ARM.ActiveCfg = Debug|ARM
		{0025389E-F0A0-4BF1-A449-5AD129A229BC}.Debug|ARM.Build.0 = Debug|ARM
		{0025389E-F0A0-4BF1-A449-5AD129A229BC}.Debug|ARM.Deploy.0 = Debug|ARM
		{0025389E-F0A0-4BF1-A449-5AD129A229BC}.Debug|iPhone.ActiveCfg = Debug|Any CPU
		{0025389E-F0A0-4BF1-A449-5AD129A229BC}.Debug|iPhone.Build.0 = Debug|Any CPU
		{0025389E-F0A0-4BF1-A449-5AD129A229BC}.Debug|iPhone.Deploy.0 = Debug|Any CPU
		{0025389E-F0A0-4BF1-A449-5AD129A229BC}.Debug|iPhoneSimulator.ActiveCfg = Debug|Any CPU
		{0025389E-F0A0-4BF1-A449-5AD129A229BC}.Debug|iPhoneSimulator.Build.0 = Debug|Any CPU
		{0025389E-F0A0-4BF1-A449-5AD129A229BC}.Debug|iPhoneSimulator.Deploy.0 = Debug|Any CPU
		{0025389E-F0A0-4BF1-A449-5AD129A229BC}.Debug|x64.ActiveCfg = Debug|Any CPU
		{0025389E-F0A0-4BF1-A449-5AD129A229BC}.Debug|x64.Build.0 = Debug|Any CPU
		{0025389E-F0A0-4BF1-A449-5AD129A229BC}.Debug|x64.Deploy.0 = Debug|Any CPU
		{0025389E-F0A0-4BF1-A449-5AD129A229BC}.Debug|x86.ActiveCfg = Debug|x86
		{0025389E-F0A0-4BF1-A449-5AD129A229BC}.Debug|x86.Build.0 = Debug|x86
		{0025389E-F0A0-4BF1-A449-5AD129A229BC}.Debug|x86.Deploy.0 = Debug|x86
		{0025389E-F0A0-4BF1-A449-5AD129A229BC}.Release|Any CPU.ActiveCfg = Release|Any CPU
		{0025389E-F0A0-4BF1-A449-5AD129A229BC}.Release|Any CPU.Build.0 = Release|Any CPU
		{0025389E-F0A0-4BF1-A449-5AD129A229BC}.Release|Any CPU.Deploy.0 = Release|Any CPU
		{0025389E-F0A0-4BF1-A449-5AD129A229BC}.Release|ARM.ActiveCfg = Release|ARM
		{0025389E-F0A0-4BF1-A449-5AD129A229BC}.Release|ARM.Build.0 = Release|ARM
		{0025389E-F0A0-4BF1-A449-5AD129A229BC}.Release|ARM.Deploy.0 = Release|ARM
		{0025389E-F0A0-4BF1-A449-5AD129A229BC}.Release|iPhone.ActiveCfg = Release|Any CPU
		{0025389E-F0A0-4BF1-A449-5AD129A229BC}.Release|iPhone.Build.0 = Release|Any CPU
		{0025389E-F0A0-4BF1-A449-5AD129A229BC}.Release|iPhone.Deploy.0 = Release|Any CPU
		{0025389E-F0A0-4BF1-A449-5AD129A229BC}.Release|iPhoneSimulator.ActiveCfg = Release|Any CPU
		{0025389E-F0A0-4BF1-A449-5AD129A229BC}.Release|iPhoneSimulator.Build.0 = Release|Any CPU
		{0025389E-F0A0-4BF1-A449-5AD129A229BC}.Release|iPhoneSimulator.Deploy.0 = Release|Any CPU
		{0025389E-F0A0-4BF1-A449-5AD129A229BC}.Release|x64.ActiveCfg = Release|Any CPU
		{0025389E-F0A0-4BF1-A449-5AD129A229BC}.Release|x64.Build.0 = Release|Any CPU
		{0025389E-F0A0-4BF1-A449-5AD129A229BC}.Release|x64.Deploy.0 = Release|Any CPU
		{0025389E-F0A0-4BF1-A449-5AD129A229BC}.Release|x86.ActiveCfg = Release|x86
		{0025389E-F0A0-4BF1-A449-5AD129A229BC}.Release|x86.Build.0 = Release|x86
		{0025389E-F0A0-4BF1-A449-5AD129A229BC}.Release|x86.Deploy.0 = Release|x86
		{9F617668-E006-4599-8C96-4A1D131CA8BF}.Ad-Hoc|Any CPU.ActiveCfg = Release|x86
		{9F617668-E006-4599-8C96-4A1D131CA8BF}.Ad-Hoc|Any CPU.Build.0 = Release|x86
		{9F617668-E006-4599-8C96-4A1D131CA8BF}.Ad-Hoc|Any CPU.Deploy.0 = Release|x86
		{9F617668-E006-4599-8C96-4A1D131CA8BF}.Ad-Hoc|ARM.ActiveCfg = Release|ARM
		{9F617668-E006-4599-8C96-4A1D131CA8BF}.Ad-Hoc|ARM.Build.0 = Release|ARM
		{9F617668-E006-4599-8C96-4A1D131CA8BF}.Ad-Hoc|ARM.Deploy.0 = Release|ARM
		{9F617668-E006-4599-8C96-4A1D131CA8BF}.Ad-Hoc|iPhone.ActiveCfg = Release|x86
		{9F617668-E006-4599-8C96-4A1D131CA8BF}.Ad-Hoc|iPhone.Build.0 = Release|x86
		{9F617668-E006-4599-8C96-4A1D131CA8BF}.Ad-Hoc|iPhone.Deploy.0 = Release|x86
		{9F617668-E006-4599-8C96-4A1D131CA8BF}.Ad-Hoc|iPhoneSimulator.ActiveCfg = Release|x86
		{9F617668-E006-4599-8C96-4A1D131CA8BF}.Ad-Hoc|iPhoneSimulator.Build.0 = Release|x86
		{9F617668-E006-4599-8C96-4A1D131CA8BF}.Ad-Hoc|iPhoneSimulator.Deploy.0 = Release|x86
		{9F617668-E006-4599-8C96-4A1D131CA8BF}.Ad-Hoc|x64.ActiveCfg = Release|x64
		{9F617668-E006-4599-8C96-4A1D131CA8BF}.Ad-Hoc|x64.Build.0 = Release|x64
		{9F617668-E006-4599-8C96-4A1D131CA8BF}.Ad-Hoc|x64.Deploy.0 = Release|x64
		{9F617668-E006-4599-8C96-4A1D131CA8BF}.Ad-Hoc|x86.ActiveCfg = Release|x86
		{9F617668-E006-4599-8C96-4A1D131CA8BF}.Ad-Hoc|x86.Build.0 = Release|x86
		{9F617668-E006-4599-8C96-4A1D131CA8BF}.Ad-Hoc|x86.Deploy.0 = Release|x86
		{9F617668-E006-4599-8C96-4A1D131CA8BF}.AppStore|Any CPU.ActiveCfg = Release|x86
		{9F617668-E006-4599-8C96-4A1D131CA8BF}.AppStore|Any CPU.Build.0 = Release|x86
		{9F617668-E006-4599-8C96-4A1D131CA8BF}.AppStore|Any CPU.Deploy.0 = Release|x86
		{9F617668-E006-4599-8C96-4A1D131CA8BF}.AppStore|ARM.ActiveCfg = Release|ARM
		{9F617668-E006-4599-8C96-4A1D131CA8BF}.AppStore|ARM.Build.0 = Release|ARM
		{9F617668-E006-4599-8C96-4A1D131CA8BF}.AppStore|ARM.Deploy.0 = Release|ARM
		{9F617668-E006-4599-8C96-4A1D131CA8BF}.AppStore|iPhone.ActiveCfg = Release|x86
		{9F617668-E006-4599-8C96-4A1D131CA8BF}.AppStore|iPhone.Build.0 = Release|x86
		{9F617668-E006-4599-8C96-4A1D131CA8BF}.AppStore|iPhone.Deploy.0 = Release|x86
		{9F617668-E006-4599-8C96-4A1D131CA8BF}.AppStore|iPhoneSimulator.ActiveCfg = Release|x86
		{9F617668-E006-4599-8C96-4A1D131CA8BF}.AppStore|iPhoneSimulator.Build.0 = Release|x86
		{9F617668-E006-4599-8C96-4A1D131CA8BF}.AppStore|iPhoneSimulator.Deploy.0 = Release|x86
		{9F617668-E006-4599-8C96-4A1D131CA8BF}.AppStore|x64.ActiveCfg = Release|x64
		{9F617668-E006-4599-8C96-4A1D131CA8BF}.AppStore|x64.Build.0 = Release|x64
		{9F617668-E006-4599-8C96-4A1D131CA8BF}.AppStore|x64.Deploy.0 = Release|x64
		{9F617668-E006-4599-8C96-4A1D131CA8BF}.AppStore|x86.ActiveCfg = Release|x86
		{9F617668-E006-4599-8C96-4A1D131CA8BF}.AppStore|x86.Build.0 = Release|x86
		{9F617668-E006-4599-8C96-4A1D131CA8BF}.AppStore|x86.Deploy.0 = Release|x86
		{9F617668-E006-4599-8C96-4A1D131CA8BF}.Debug|Any CPU.ActiveCfg = Debug|x86
		{9F617668-E006-4599-8C96-4A1D131CA8BF}.Debug|ARM.ActiveCfg = Debug|ARM
		{9F617668-E006-4599-8C96-4A1D131CA8BF}.Debug|ARM.Build.0 = Debug|ARM
		{9F617668-E006-4599-8C96-4A1D131CA8BF}.Debug|ARM.Deploy.0 = Debug|ARM
		{9F617668-E006-4599-8C96-4A1D131CA8BF}.Debug|iPhone.ActiveCfg = Debug|x86
		{9F617668-E006-4599-8C96-4A1D131CA8BF}.Debug|iPhoneSimulator.ActiveCfg = Debug|x86
		{9F617668-E006-4599-8C96-4A1D131CA8BF}.Debug|x64.ActiveCfg = Debug|x64
		{9F617668-E006-4599-8C96-4A1D131CA8BF}.Debug|x64.Build.0 = Debug|x64
		{9F617668-E006-4599-8C96-4A1D131CA8BF}.Debug|x64.Deploy.0 = Debug|x64
		{9F617668-E006-4599-8C96-4A1D131CA8BF}.Debug|x86.ActiveCfg = Debug|x86
		{9F617668-E006-4599-8C96-4A1D131CA8BF}.Debug|x86.Build.0 = Debug|x86
		{9F617668-E006-4599-8C96-4A1D131CA8BF}.Debug|x86.Deploy.0 = Debug|x86
		{9F617668-E006-4599-8C96-4A1D131CA8BF}.Release|Any CPU.ActiveCfg = Release|x86
		{9F617668-E006-4599-8C96-4A1D131CA8BF}.Release|ARM.ActiveCfg = Release|ARM
		{9F617668-E006-4599-8C96-4A1D131CA8BF}.Release|ARM.Build.0 = Release|ARM
		{9F617668-E006-4599-8C96-4A1D131CA8BF}.Release|ARM.Deploy.0 = Release|ARM
		{9F617668-E006-4599-8C96-4A1D131CA8BF}.Release|iPhone.ActiveCfg = Release|x86
		{9F617668-E006-4599-8C96-4A1D131CA8BF}.Release|iPhoneSimulator.ActiveCfg = Release|x86
		{9F617668-E006-4599-8C96-4A1D131CA8BF}.Release|x64.ActiveCfg = Release|x64
		{9F617668-E006-4599-8C96-4A1D131CA8BF}.Release|x64.Build.0 = Release|x64
		{9F617668-E006-4599-8C96-4A1D131CA8BF}.Release|x64.Deploy.0 = Release|x64
		{9F617668-E006-4599-8C96-4A1D131CA8BF}.Release|x86.ActiveCfg = Release|x86
		{9F617668-E006-4599-8C96-4A1D131CA8BF}.Release|x86.Build.0 = Release|x86
		{9F617668-E006-4599-8C96-4A1D131CA8BF}.Release|x86.Deploy.0 = Release|x86
		{3FE9AC5E-A595-4969-9F54-D6B49AAFDD72}.Ad-Hoc|Any CPU.ActiveCfg = Release|Any CPU
		{3FE9AC5E-A595-4969-9F54-D6B49AAFDD72}.Ad-Hoc|Any CPU.Build.0 = Release|Any CPU
		{3FE9AC5E-A595-4969-9F54-D6B49AAFDD72}.Ad-Hoc|Any CPU.Deploy.0 = Release|Any CPU
		{3FE9AC5E-A595-4969-9F54-D6B49AAFDD72}.Ad-Hoc|ARM.ActiveCfg = Release|ARM
		{3FE9AC5E-A595-4969-9F54-D6B49AAFDD72}.Ad-Hoc|ARM.Build.0 = Release|ARM
		{3FE9AC5E-A595-4969-9F54-D6B49AAFDD72}.Ad-Hoc|ARM.Deploy.0 = Release|ARM
		{3FE9AC5E-A595-4969-9F54-D6B49AAFDD72}.Ad-Hoc|iPhone.ActiveCfg = Release|Any CPU
		{3FE9AC5E-A595-4969-9F54-D6B49AAFDD72}.Ad-Hoc|iPhone.Build.0 = Release|Any CPU
		{3FE9AC5E-A595-4969-9F54-D6B49AAFDD72}.Ad-Hoc|iPhone.Deploy.0 = Release|Any CPU
		{3FE9AC5E-A595-4969-9F54-D6B49AAFDD72}.Ad-Hoc|iPhoneSimulator.ActiveCfg = Release|Any CPU
		{3FE9AC5E-A595-4969-9F54-D6B49AAFDD72}.Ad-Hoc|iPhoneSimulator.Build.0 = Release|Any CPU
		{3FE9AC5E-A595-4969-9F54-D6B49AAFDD72}.Ad-Hoc|iPhoneSimulator.Deploy.0 = Release|Any CPU
		{3FE9AC5E-A595-4969-9F54-D6B49AAFDD72}.Ad-Hoc|x64.ActiveCfg = Release|x64
		{3FE9AC5E-A595-4969-9F54-D6B49AAFDD72}.Ad-Hoc|x64.Build.0 = Release|x64
		{3FE9AC5E-A595-4969-9F54-D6B49AAFDD72}.Ad-Hoc|x64.Deploy.0 = Release|x64
		{3FE9AC5E-A595-4969-9F54-D6B49AAFDD72}.Ad-Hoc|x86.ActiveCfg = Release|x86
		{3FE9AC5E-A595-4969-9F54-D6B49AAFDD72}.Ad-Hoc|x86.Build.0 = Release|x86
		{3FE9AC5E-A595-4969-9F54-D6B49AAFDD72}.Ad-Hoc|x86.Deploy.0 = Release|x86
		{3FE9AC5E-A595-4969-9F54-D6B49AAFDD72}.AppStore|Any CPU.ActiveCfg = Release|Any CPU
		{3FE9AC5E-A595-4969-9F54-D6B49AAFDD72}.AppStore|Any CPU.Build.0 = Release|Any CPU
		{3FE9AC5E-A595-4969-9F54-D6B49AAFDD72}.AppStore|Any CPU.Deploy.0 = Release|Any CPU
		{3FE9AC5E-A595-4969-9F54-D6B49AAFDD72}.AppStore|ARM.ActiveCfg = Release|ARM
		{3FE9AC5E-A595-4969-9F54-D6B49AAFDD72}.AppStore|ARM.Build.0 = Release|ARM
		{3FE9AC5E-A595-4969-9F54-D6B49AAFDD72}.AppStore|ARM.Deploy.0 = Release|ARM
		{3FE9AC5E-A595-4969-9F54-D6B49AAFDD72}.AppStore|iPhone.ActiveCfg = Release|Any CPU
		{3FE9AC5E-A595-4969-9F54-D6B49AAFDD72}.AppStore|iPhone.Build.0 = Release|Any CPU
		{3FE9AC5E-A595-4969-9F54-D6B49AAFDD72}.AppStore|iPhone.Deploy.0 = Release|Any CPU
		{3FE9AC5E-A595-4969-9F54-D6B49AAFDD72}.AppStore|iPhoneSimulator.ActiveCfg = Release|Any CPU
		{3FE9AC5E-A595-4969-9F54-D6B49AAFDD72}.AppStore|iPhoneSimulator.Build.0 = Release|Any CPU
		{3FE9AC5E-A595-4969-9F54-D6B49AAFDD72}.AppStore|iPhoneSimulator.Deploy.0 = Release|Any CPU
		{3FE9AC5E-A595-4969-9F54-D6B49AAFDD72}.AppStore|x64.ActiveCfg = Release|x64
		{3FE9AC5E-A595-4969-9F54-D6B49AAFDD72}.AppStore|x64.Build.0 = Release|x64
		{3FE9AC5E-A595-4969-9F54-D6B49AAFDD72}.AppStore|x64.Deploy.0 = Release|x64
		{3FE9AC5E-A595-4969-9F54-D6B49AAFDD72}.AppStore|x86.ActiveCfg = Release|x86
		{3FE9AC5E-A595-4969-9F54-D6B49AAFDD72}.AppStore|x86.Build.0 = Release|x86
		{3FE9AC5E-A595-4969-9F54-D6B49AAFDD72}.AppStore|x86.Deploy.0 = Release|x86
		{3FE9AC5E-A595-4969-9F54-D6B49AAFDD72}.Debug|Any CPU.ActiveCfg = Debug|Any CPU
		{3FE9AC5E-A595-4969-9F54-D6B49AAFDD72}.Debug|Any CPU.Build.0 = Debug|Any CPU
		{3FE9AC5E-A595-4969-9F54-D6B49AAFDD72}.Debug|Any CPU.Deploy.0 = Debug|Any CPU
		{3FE9AC5E-A595-4969-9F54-D6B49AAFDD72}.Debug|ARM.ActiveCfg = Debug|ARM
		{3FE9AC5E-A595-4969-9F54-D6B49AAFDD72}.Debug|ARM.Build.0 = Debug|ARM
		{3FE9AC5E-A595-4969-9F54-D6B49AAFDD72}.Debug|ARM.Deploy.0 = Debug|ARM
		{3FE9AC5E-A595-4969-9F54-D6B49AAFDD72}.Debug|iPhone.ActiveCfg = Debug|Any CPU
		{3FE9AC5E-A595-4969-9F54-D6B49AAFDD72}.Debug|iPhone.Build.0 = Debug|Any CPU
		{3FE9AC5E-A595-4969-9F54-D6B49AAFDD72}.Debug|iPhone.Deploy.0 = Debug|Any CPU
		{3FE9AC5E-A595-4969-9F54-D6B49AAFDD72}.Debug|iPhoneSimulator.ActiveCfg = Debug|Any CPU
		{3FE9AC5E-A595-4969-9F54-D6B49AAFDD72}.Debug|iPhoneSimulator.Build.0 = Debug|Any CPU
		{3FE9AC5E-A595-4969-9F54-D6B49AAFDD72}.Debug|iPhoneSimulator.Deploy.0 = Debug|Any CPU
		{3FE9AC5E-A595-4969-9F54-D6B49AAFDD72}.Debug|x64.ActiveCfg = Debug|x64
		{3FE9AC5E-A595-4969-9F54-D6B49AAFDD72}.Debug|x64.Build.0 = Debug|x64
		{3FE9AC5E-A595-4969-9F54-D6B49AAFDD72}.Debug|x64.Deploy.0 = Debug|x64
		{3FE9AC5E-A595-4969-9F54-D6B49AAFDD72}.Debug|x86.ActiveCfg = Debug|x86
		{3FE9AC5E-A595-4969-9F54-D6B49AAFDD72}.Debug|x86.Build.0 = Debug|x86
		{3FE9AC5E-A595-4969-9F54-D6B49AAFDD72}.Debug|x86.Deploy.0 = Debug|x86
		{3FE9AC5E-A595-4969-9F54-D6B49AAFDD72}.Release|Any CPU.ActiveCfg = Release|Any CPU
		{3FE9AC5E-A595-4969-9F54-D6B49AAFDD72}.Release|Any CPU.Build.0 = Release|Any CPU
		{3FE9AC5E-A595-4969-9F54-D6B49AAFDD72}.Release|Any CPU.Deploy.0 = Release|Any CPU
		{3FE9AC5E-A595-4969-9F54-D6B49AAFDD72}.Release|ARM.ActiveCfg = Release|ARM
		{3FE9AC5E-A595-4969-9F54-D6B49AAFDD72}.Release|ARM.Build.0 = Release|ARM
		{3FE9AC5E-A595-4969-9F54-D6B49AAFDD72}.Release|ARM.Deploy.0 = Release|ARM
		{3FE9AC5E-A595-4969-9F54-D6B49AAFDD72}.Release|iPhone.ActiveCfg = Release|Any CPU
		{3FE9AC5E-A595-4969-9F54-D6B49AAFDD72}.Release|iPhone.Build.0 = Release|Any CPU
		{3FE9AC5E-A595-4969-9F54-D6B49AAFDD72}.Release|iPhone.Deploy.0 = Release|Any CPU
		{3FE9AC5E-A595-4969-9F54-D6B49AAFDD72}.Release|iPhoneSimulator.ActiveCfg = Release|Any CPU
		{3FE9AC5E-A595-4969-9F54-D6B49AAFDD72}.Release|iPhoneSimulator.Build.0 = Release|Any CPU
		{3FE9AC5E-A595-4969-9F54-D6B49AAFDD72}.Release|iPhoneSimulator.Deploy.0 = Release|Any CPU
		{3FE9AC5E-A595-4969-9F54-D6B49AAFDD72}.Release|x64.ActiveCfg = Release|x64
		{3FE9AC5E-A595-4969-9F54-D6B49AAFDD72}.Release|x64.Build.0 = Release|x64
		{3FE9AC5E-A595-4969-9F54-D6B49AAFDD72}.Release|x64.Deploy.0 = Release|x64
		{3FE9AC5E-A595-4969-9F54-D6B49AAFDD72}.Release|x86.ActiveCfg = Release|x86
		{3FE9AC5E-A595-4969-9F54-D6B49AAFDD72}.Release|x86.Build.0 = Release|x86
		{3FE9AC5E-A595-4969-9F54-D6B49AAFDD72}.Release|x86.Deploy.0 = Release|x86
	EndGlobalSection
	GlobalSection(SolutionProperties) = preSolution
		HideSolutionNode = FALSE
	EndGlobalSection
EndGlobal
